
Microsoft Visual Studio Solution File, Format Version 12.00
# Visual Studio Version 16
VisualStudioVersion = 16.0.32413.511
MinimumVisualStudioVersion = 10.0.40219.1
Project("{9A19103F-16F7-4668-BE54-9A1E7A4F7556}") = "Email", "Email\Email.csproj", "{4D954F1F-B866-4F22-A0C4-4072EB0FFA13}"
EndProject
Project("{FAE04EC0-301F-11D3-BF4B-00C04F79EFBC}") = "EmailTests", "EmailTests\EmailTests.csproj", "{BF42BB2A-7CD5-4823-BCED-12C00789385C}"
EndProject
Global
	GlobalSection(SolutionConfigurationPlatforms) = preSolution
		Debug|Any CPU = Debug|Any CPU
		Release|Any CPU = Release|Any CPU
	EndGlobalSection
	GlobalSection(ProjectConfigurationPlatforms) = postSolution
		{4D954F1F-B866-4F22-A0C4-4072EB0FFA13}.Debug|Any CPU.ActiveCfg = Debug|Any CPU
		{4D954F1F-B866-4F22-A0C4-4072EB0FFA13}.Debug|Any CPU.Build.0 = Debug|Any CPU
		{4D954F1F-B866-4F22-A0C4-4072EB0FFA13}.Release|Any CPU.ActiveCfg = Release|Any CPU
		{4D954F1F-B866-4F22-A0C4-4072EB0FFA13}.Release|Any CPU.Build.0 = Release|Any CPU
		{BF42BB2A-7CD5-4823-BCED-12C00789385C}.Debug|Any CPU.ActiveCfg = Debug|Any CPU
		{BF42BB2A-7CD5-4823-BCED-12C00789385C}.Debug|Any CPU.Build.0 = Debug|Any CPU
		{BF42BB2A-7CD5-4823-BCED-12C00789385C}.Release|Any CPU.ActiveCfg = Release|Any CPU
		{BF42BB2A-7CD5-4823-BCED-12C00789385C}.Release|Any CPU.Build.0 = Release|Any CPU
	EndGlobalSection
	GlobalSection(SolutionProperties) = preSolution
		HideSolutionNode = FALSE
	EndGlobalSection
	GlobalSection(ExtensibilityGlobals) = postSolution
		SolutionGuid = {6AD35CCD-4CBC-4C6E-AB8F-2D43FCAA7AA0}
	EndGlobalSection
EndGlobal
