
Microsoft Visual Studio Solution File, Format Version 12.00
# Visual Studio Version 16
VisualStudioVersion = 16.0.32413.511
MinimumVisualStudioVersion = 10.0.40219.1
Project("{FAE04EC0-301F-11D3-BF4B-00C04F79EFBC}") = "Mobile", "Mobile\Mobile.csproj", "{D600F16D-462B-400B-A5E1-208107FF76FB}"
EndProject
Global
	GlobalSection(SolutionConfigurationPlatforms) = preSolution
		Debug|Any CPU = Debug|Any CPU
		Release|Any CPU = Release|Any CPU
	EndGlobalSection
	GlobalSection(ProjectConfigurationPlatforms) = postSolution
		{D600F16D-462B-400B-A5E1-208107FF76FB}.Debug|Any CPU.ActiveCfg = Debug|Any CPU
		{D600F16D-462B-400B-A5E1-208107FF76FB}.Debug|Any CPU.Build.0 = Debug|Any CPU
		{D600F16D-462B-400B-A5E1-208107FF76FB}.Release|Any CPU.ActiveCfg = Release|Any CPU
		{D600F16D-462B-400B-A5E1-208107FF76FB}.Release|Any CPU.Build.0 = Release|Any CPU
	EndGlobalSection
	GlobalSection(SolutionProperties) = preSolution
		HideSolutionNode = FALSE
	EndGlobalSection
	GlobalSection(ExtensibilityGlobals) = postSolution
		SolutionGuid = {4D623777-B23B-47AB-98CC-D33908521D00}
	EndGlobalSection
EndGlobal
