
Microsoft Visual Studio Solution File, Format Version 12.00
# Visual Studio Version 16
VisualStudioVersion = 16.0.32413.511
MinimumVisualStudioVersion = 10.0.40219.1
Project("{FAE04EC0-301F-11D3-BF4B-00C04F79EFBC}") = "PR2_UpperCase", "PR2_UpperCase\PR2_UpperCase.csproj", "{AD36433F-8973-4476-AC42-09BFBF645370}"
EndProject
Global
	GlobalSection(SolutionConfigurationPlatforms) = preSolution
		Debug|Any CPU = Debug|Any CPU
		Release|Any CPU = Release|Any CPU
	EndGlobalSection
	GlobalSection(ProjectConfigurationPlatforms) = postSolution
		{AD36433F-8973-4476-AC42-09BFBF645370}.Debug|Any CPU.ActiveCfg = Debug|Any CPU
		{AD36433F-8973-4476-AC42-09BFBF645370}.Debug|Any CPU.Build.0 = Debug|Any CPU
		{AD36433F-8973-4476-AC42-09BFBF645370}.Release|Any CPU.ActiveCfg = Release|Any CPU
		{AD36433F-8973-4476-AC42-09BFBF645370}.Release|Any CPU.Build.0 = Release|Any CPU
	EndGlobalSection
	GlobalSection(SolutionProperties) = preSolution
		HideSolutionNode = FALSE
	EndGlobalSection
	GlobalSection(ExtensibilityGlobals) = postSolution
		SolutionGuid = {2CA0A52F-B0F2-4E56-8D53-A3216D4A4414}
	EndGlobalSection
EndGlobal
