
Microsoft Visual Studio Solution File, Format Version 12.00
# Visual Studio Version 16
VisualStudioVersion = 16.0.32413.511
MinimumVisualStudioVersion = 10.0.40219.1
Project("{FAE04EC0-301F-11D3-BF4B-00C04F79EFBC}") = "PR4_SpecialCharacter", "PR4_SpecialCharacter\PR4_SpecialCharacter.csproj", "{20A7F8DD-2D8E-4166-9EE5-3A8100E9C708}"
EndProject
Global
	GlobalSection(SolutionConfigurationPlatforms) = preSolution
		Debug|Any CPU = Debug|Any CPU
		Release|Any CPU = Release|Any CPU
	EndGlobalSection
	GlobalSection(ProjectConfigurationPlatforms) = postSolution
		{20A7F8DD-2D8E-4166-9EE5-3A8100E9C708}.Debug|Any CPU.ActiveCfg = Debug|Any CPU
		{20A7F8DD-2D8E-4166-9EE5-3A8100E9C708}.Debug|Any CPU.Build.0 = Debug|Any CPU
		{20A7F8DD-2D8E-4166-9EE5-3A8100E9C708}.Release|Any CPU.ActiveCfg = Release|Any CPU
		{20A7F8DD-2D8E-4166-9EE5-3A8100E9C708}.Release|Any CPU.Build.0 = Release|Any CPU
	EndGlobalSection
	GlobalSection(SolutionProperties) = preSolution
		HideSolutionNode = FALSE
	EndGlobalSection
	GlobalSection(ExtensibilityGlobals) = postSolution
		SolutionGuid = {FDECDD37-B813-49D1-A816-5DC257BEBE45}
	EndGlobalSection
EndGlobal
